
Microsoft Visual Studio Solution File, Format Version 12.00
# Visual Studio Version 16
VisualStudioVersion = 16.0.30413.136
MinimumVisualStudioVersion = 10.0.40219.1
Project("{FAE04EC0-301F-11D3-BF4B-00C04F79EFBC}") = "FinalProjectRough", "FinalProjectRough\FinalProjectRough.csproj", "{4488DC4B-B975-4CDE-B773-2C01EB25953F}"
EndProject
Global
	GlobalSection(SolutionConfigurationPlatforms) = preSolution
		Debug|Any CPU = Debug|Any CPU
		Release|Any CPU = Release|Any CPU
	EndGlobalSection
	GlobalSection(ProjectConfigurationPlatforms) = postSolution
		{4488DC4B-B975-4CDE-B773-2C01EB25953F}.Debug|Any CPU.ActiveCfg = Debug|Any CPU
		{4488DC4B-B975-4CDE-B773-2C01EB25953F}.Debug|Any CPU.Build.0 = Debug|Any CPU
		{4488DC4B-B975-4CDE-B773-2C01EB25953F}.Release|Any CPU.ActiveCfg = Release|Any CPU
		{4488DC4B-B975-4CDE-B773-2C01EB25953F}.Release|Any CPU.Build.0 = Release|Any CPU
	EndGlobalSection
	GlobalSection(SolutionProperties) = preSolution
		HideSolutionNode = FALSE
	EndGlobalSection
	GlobalSection(ExtensibilityGlobals) = postSolution
		SolutionGuid = {7A9C316C-2CB9-4047-90B0-2FFDF4D34760}
	EndGlobalSection
EndGlobal
